Microsoft Visual Studio Solution File, Format Version 12.00
# Visual Studio Version 17
VisualStudioVersion = 17.5.2.0
MinimumVisualStudioVersion = 10.0.40219.1
Project("{FAE04EC0-301F-11D3-BF4B-00C04F79EFBC}") = "ClientesApi", "ClientesApi.csproj", "{780C3AA7-C8B0-D0C9-4883-CF89055779A9}"
EndProject
Global
	GlobalSection(SolutionConfigurationPlatforms) = preSolution
		Debug|Any CPU = Debug|Any CPU
		Release|Any CPU = Release|Any CPU
	EndGlobalSection
	GlobalSection(ProjectConfigurationPlatforms) = postSolution
		{780C3AA7-C8B0-D0C9-4883-CF89055779A9}.Debug|Any CPU.ActiveCfg = Debug|Any CPU
		{780C3AA7-C8B0-D0C9-4883-CF89055779A9}.Debug|Any CPU.Build.0 = Debug|Any CPU
		{780C3AA7-C8B0-D0C9-4883-CF89055779A9}.Release|Any CPU.ActiveCfg = Release|Any CPU
		{780C3AA7-C8B0-D0C9-4883-CF89055779A9}.Release|Any CPU.Build.0 = Release|Any CPU
	EndGlobalSection
	GlobalSection(SolutionProperties) = preSolution
		HideSolutionNode = FALSE
	EndGlobalSection
	GlobalSection(ExtensibilityGlobals) = postSolution
		SolutionGuid = {4BD3E9DE-40C0-4F30-9AFB-BD403D4E04C5}
	EndGlobalSection
EndGlobal
